
Microsoft Visual Studio Solution File, Format Version 12.00
# Visual Studio Version 17
VisualStudioVersion = 17.0.32112.339
MinimumVisualStudioVersion = 10.0.40219.1
Project("{FAE04EC0-301F-11D3-BF4B-00C04F79EFBC}") = "HackatonInternetPlatform", "HackatonInternetPlatform\HackatonInternetPlatform.csproj", "{47150EE1-834C-44BD-8511-0DA45B3E5E3A}"
EndProject
Global
	GlobalSection(SolutionConfigurationPlatforms) = preSolution
		Debug|Any CPU = Debug|Any CPU
		Release|Any CPU = Release|Any CPU
	EndGlobalSection
	GlobalSection(ProjectConfigurationPlatforms) = postSolution
		{47150EE1-834C-44BD-8511-0DA45B3E5E3A}.Debug|Any CPU.ActiveCfg = Debug|Any CPU
		{47150EE1-834C-44BD-8511-0DA45B3E5E3A}.Debug|Any CPU.Build.0 = Debug|Any CPU
		{47150EE1-834C-44BD-8511-0DA45B3E5E3A}.Release|Any CPU.ActiveCfg = Release|Any CPU
		{47150EE1-834C-44BD-8511-0DA45B3E5E3A}.Release|Any CPU.Build.0 = Release|Any CPU
	EndGlobalSection
	GlobalSection(SolutionProperties) = preSolution
		HideSolutionNode = FALSE
	EndGlobalSection
	GlobalSection(ExtensibilityGlobals) = postSolution
		SolutionGuid = {B0EEBBEF-7236-4A11-B470-D48F93E52767}
	EndGlobalSection
EndGlobal
