
Microsoft Visual Studio Solution File, Format Version 12.00
# Visual Studio Version 16
VisualStudioVersion = 16.0.30611.23
MinimumVisualStudioVersion = 10.0.40219.1
Project("{FAE04EC0-301F-11D3-BF4B-00C04F79EFBC}") = "Hackathon2022", "Hackathon2022.csproj", "{B442D69C-D600-4E71-BB2D-933BEAE6694A}"
EndProject
Global
	GlobalSection(SolutionConfigurationPlatforms) = preSolution
		Debug|Any CPU = Debug|Any CPU
		Release|Any CPU = Release|Any CPU
	EndGlobalSection
	GlobalSection(ProjectConfigurationPlatforms) = postSolution
		{B442D69C-D600-4E71-BB2D-933BEAE6694A}.Debug|Any CPU.ActiveCfg = Debug|Any CPU
		{B442D69C-D600-4E71-BB2D-933BEAE6694A}.Debug|Any CPU.Build.0 = Debug|Any CPU
		{B442D69C-D600-4E71-BB2D-933BEAE6694A}.Release|Any CPU.ActiveCfg = Release|Any CPU
		{B442D69C-D600-4E71-BB2D-933BEAE6694A}.Release|Any CPU.Build.0 = Release|Any CPU
	EndGlobalSection
	GlobalSection(SolutionProperties) = preSolution
		HideSolutionNode = FALSE
	EndGlobalSection
	GlobalSection(ExtensibilityGlobals) = postSolution
		SolutionGuid = {5652E18A-B175-4F83-ACB8-C55A45490CB5}
	EndGlobalSection
EndGlobal
